// !$*UTF8*$!
{
	archiveVersion = 1;
	classes = {
	};
	objectVersion = 55;
	objects = {

/* Begin PBXBuildFile section */
		D75847C426EE8B0C00E252A7 /* Scrapper.swift in Sources */ = {isa = PBXBuildFile; fileRef = D75847C326EE8B0C00E252A7 /* Scrapper.swift */; };
		D75847C726EE8B2400E252A7 /* SwiftSoup in Frameworks */ = {isa = PBXBuildFile; productRef = D75847C626EE8B2400E252A7 /* SwiftSoup */; };
		D75F0C3F26764E8B00F5CF90 /* Settings.swift in Sources */ = {isa = PBXBuildFile; fileRef = D75F0C3E26764E8B00F5CF90 /* Settings.swift */; };
		D75F0C412676527E00F5CF90 /* CercSettingsView.swift in Sources */ = {isa = PBXBuildFile; fileRef = D75F0C402676527E00F5CF90 /* CercSettingsView.swift */; };
		D75F0C4326765BD500F5CF90 /* Environment.swift in Sources */ = {isa = PBXBuildFile; fileRef = D75F0C4226765BD500F5CF90 /* Environment.swift */; };
		D75F0C462676631300F5CF90 /* ContentView.swift in Sources */ = {isa = PBXBuildFile; fileRef = D75F0C452676631300F5CF90 /* ContentView.swift */; };
		D75F0C48267663C100F5CF90 /* CercTripView.swift in Sources */ = {isa = PBXBuildFile; fileRef = D75F0C47267663C100F5CF90 /* CercTripView.swift */; };
		D760E96C2691D2ED00D943B6 /* CercBackgroundModifier.swift in Sources */ = {isa = PBXBuildFile; fileRef = D760E96B2691D2ED00D943B6 /* CercBackgroundModifier.swift */; };
		D7652F862675403300BEF7C5 /* CercError.swift in Sources */ = {isa = PBXBuildFile; fileRef = D7652F852675403300BEF7C5 /* CercError.swift */; };
		D7652F8A267628E000BEF7C5 /* Defaults.swift in Sources */ = {isa = PBXBuildFile; fileRef = D7652F89267628E000BEF7C5 /* Defaults.swift */; };
		D769D6FC26961B14008A2584 /* AppIcon.swift in Sources */ = {isa = PBXBuildFile; fileRef = D769D6FB26961B14008A2584 /* AppIcon.swift */; };
		D76C0CC826B0A307005E9423 /* CercSelectionView.swift in Sources */ = {isa = PBXBuildFile; fileRef = D76C0CC726B0A307005E9423 /* CercSelectionView.swift */; };
		D76C0CCB26B0A3FE005E9423 /* Nameable.swift in Sources */ = {isa = PBXBuildFile; fileRef = D76C0CCA26B0A3FE005E9423 /* Nameable.swift */; };
		D76C0CD026B0ADB3005E9423 /* String.swift in Sources */ = {isa = PBXBuildFile; fileRef = D76C0CCF26B0ADB3005E9423 /* String.swift */; };
		D7A72A2426753567009A6C9C /* CercApp.swift in Sources */ = {isa = PBXBuildFile; fileRef = D7A72A2326753567009A6C9C /* CercApp.swift */; };
		D7A72A2826753569009A6C9C /* Assets.xcassets in Resources */ = {isa = PBXBuildFile; fileRef = D7A72A2726753569009A6C9C /* Assets.xcassets */; };
		D7A72A2B26753569009A6C9C /* Preview Assets.xcassets in Resources */ = {isa = PBXBuildFile; fileRef = D7A72A2A26753569009A6C9C /* Preview Assets.xcassets */; };
		D7A72A3526753569009A6C9C /* CercTests.swift in Sources */ = {isa = PBXBuildFile; fileRef = D7A72A3426753569009A6C9C /* CercTests.swift */; };
		D7A72A3F26753569009A6C9C /* CercUITests.swift in Sources */ = {isa = PBXBuildFile; fileRef = D7A72A3E26753569009A6C9C /* CercUITests.swift */; };
		D7A72A5F267535FA009A6C9C /* Trip.swift in Sources */ = {isa = PBXBuildFile; fileRef = D7A72A5B267535FA009A6C9C /* Trip.swift */; };
		D7A72A60267535FA009A6C9C /* Station.swift in Sources */ = {isa = PBXBuildFile; fileRef = D7A72A5C267535FA009A6C9C /* Station.swift */; };
		D7A72A61267535FA009A6C9C /* Zone.swift in Sources */ = {isa = PBXBuildFile; fileRef = D7A72A5D267535FA009A6C9C /* Zone.swift */; };
		D7A72A62267535FA009A6C9C /* Search.swift in Sources */ = {isa = PBXBuildFile; fileRef = D7A72A5E267535FA009A6C9C /* Search.swift */; };
		D7A72A6426753613009A6C9C /* Network.swift in Sources */ = {isa = PBXBuildFile; fileRef = D7A72A6326753613009A6C9C /* Network.swift */; };
		D7A72A682675369B009A6C9C /* Date.swift in Sources */ = {isa = PBXBuildFile; fileRef = D7A72A662675369B009A6C9C /* Date.swift */; };
		D7A72A692675369B009A6C9C /* Color.swift in Sources */ = {isa = PBXBuildFile; fileRef = D7A72A672675369B009A6C9C /* Color.swift */; };
		D7A72A6E267536F0009A6C9C /* CercListItem.swift in Sources */ = {isa = PBXBuildFile; fileRef = D7A72A6C267536F0009A6C9C /* CercListItem.swift */; };
		D7A72A6F267536F0009A6C9C /* CercButtonStyle.swift in Sources */ = {isa = PBXBuildFile; fileRef = D7A72A6D267536F0009A6C9C /* CercButtonStyle.swift */; };
		D7A72A742675372F009A6C9C /* CompactLayoutView.swift in Sources */ = {isa = PBXBuildFile; fileRef = D7A72A732675372F009A6C9C /* CompactLayoutView.swift */; };
		D7A72A7B26753925009A6C9C /* CercFormView.swift in Sources */ = {isa = PBXBuildFile; fileRef = D7A72A7A26753925009A6C9C /* CercFormView.swift */; };
		D7A72A7D26753AC1009A6C9C /* CercController.swift in Sources */ = {isa = PBXBuildFile; fileRef = D7A72A7C26753AC1009A6C9C /* CercController.swift */; };
/* End PBXBuildFile section */

/* Begin PBXContainerItemProxy section */
		D7A72A3126753569009A6C9C /* PBXContainerItemProxy */ = {
			isa = PBXContainerItemProxy;
			containerPortal = D7A72A1826753567009A6C9C /* Project object */;
			proxyType = 1;
			remoteGlobalIDString = D7A72A1F26753567009A6C9C;
			remoteInfo = Cerc;
		};
		D7A72A3B26753569009A6C9C /* PBXContainerItemProxy */ = {
			isa = PBXContainerItemProxy;
			containerPortal = D7A72A1826753567009A6C9C /* Project object */;
			proxyType = 1;
			remoteGlobalIDString = D7A72A1F26753567009A6C9C;
			remoteInfo = Cerc;
		};
/* End PBXContainerItemProxy section */

/* Begin PBXFileReference section */
		D74DEFD5269495C60019E768 /* Cerc.entitlements */ = {isa = PBXFileReference; lastKnownFileType = text.plist.entitlements; path = Cerc.entitlements; sourceTree = "<group>"; };
		D75847C326EE8B0C00E252A7 /* Scrapper.swift */ = {isa = PBXFileReference; lastKnownFileType = sourcecode.swift; path = Scrapper.swift; sourceTree = "<group>"; };
		D75F0C3E26764E8B00F5CF90 /* Settings.swift */ = {isa = PBXFileReference; lastKnownFileType = sourcecode.swift; path = Settings.swift; sourceTree = "<group>"; };
		D75F0C402676527E00F5CF90 /* CercSettingsView.swift */ = {isa = PBXFileReference; lastKnownFileType = sourcecode.swift; path = CercSettingsView.swift; sourceTree = "<group>"; };
		D75F0C4226765BD500F5CF90 /* Environment.swift */ = {isa = PBXFileReference; fileEncoding = 4; lastKnownFileType = sourcecode.swift; path = Environment.swift; sourceTree = "<group>"; };
		D75F0C452676631300F5CF90 /* ContentView.swift */ = {isa = PBXFileReference; lastKnownFileType = sourcecode.swift; path = ContentView.swift; sourceTree = "<group>"; };
		D75F0C47267663C100F5CF90 /* CercTripView.swift */ = {isa = PBXFileReference; lastKnownFileType = sourcecode.swift; path = CercTripView.swift; sourceTree = "<group>"; };
		D760E96B2691D2ED00D943B6 /* CercBackgroundModifier.swift */ = {isa = PBXFileReference; lastKnownFileType = sourcecode.swift; path = CercBackgroundModifier.swift; sourceTree = "<group>"; };
		D7652F852675403300BEF7C5 /* CercError.swift */ = {isa = PBXFileReference; fileEncoding = 4; lastKnownFileType = sourcecode.swift; path = CercError.swift; sourceTree = "<group>"; };
		D7652F89267628E000BEF7C5 /* Defaults.swift */ = {isa = PBXFileReference; lastKnownFileType = sourcecode.swift; path = Defaults.swift; sourceTree = "<group>"; };
		D769D6FB26961B14008A2584 /* AppIcon.swift */ = {isa = PBXFileReference; lastKnownFileType = sourcecode.swift; path = AppIcon.swift; sourceTree = "<group>"; };
		D76C0CC726B0A307005E9423 /* CercSelectionView.swift */ = {isa = PBXFileReference; lastKnownFileType = sourcecode.swift; path = CercSelectionView.swift; sourceTree = "<group>"; };
		D76C0CCA26B0A3FE005E9423 /* Nameable.swift */ = {isa = PBXFileReference; lastKnownFileType = sourcecode.swift; path = Nameable.swift; sourceTree = "<group>"; };
		D76C0CCF26B0ADB3005E9423 /* String.swift */ = {isa = PBXFileReference; lastKnownFileType = sourcecode.swift; path = String.swift; sourceTree = "<group>"; };
		D7A72A2026753567009A6C9C /* Cerc.app */ = {isa = PBXFileReference; explicitFileType = wrapper.application; includeInIndex = 0; path = Cerc.app; sourceTree = BUILT_PRODUCTS_DIR; };
		D7A72A2326753567009A6C9C /* CercApp.swift */ = {isa = PBXFileReference; lastKnownFileType = sourcecode.swift; path = CercApp.swift; sourceTree = "<group>"; };
		D7A72A2726753569009A6C9C /* Assets.xcassets */ = {isa = PBXFileReference; lastKnownFileType = folder.assetcatalog; path = Assets.xcassets; sourceTree = "<group>"; };
		D7A72A2A26753569009A6C9C /* Preview Assets.xcassets */ = {isa = PBXFileReference; lastKnownFileType = folder.assetcatalog; path = "Preview Assets.xcassets"; sourceTree = "<group>"; };
		D7A72A3026753569009A6C9C /* CercTests.xctest */ = {isa = PBXFileReference; explicitFileType = wrapper.cfbundle; includeInIndex = 0; path = CercTests.xctest; sourceTree = BUILT_PRODUCTS_DIR; };
		D7A72A3426753569009A6C9C /* CercTests.swift */ = {isa = PBXFileReference; lastKnownFileType = sourcecode.swift; path = CercTests.swift; sourceTree = "<group>"; };
		D7A72A3A26753569009A6C9C /* CercUITests.xctest */ = {isa = PBXFileReference; explicitFileType = wrapper.cfbundle; includeInIndex = 0; path = CercUITests.xctest; sourceTree = BUILT_PRODUCTS_DIR; };
		D7A72A3E26753569009A6C9C /* CercUITests.swift */ = {isa = PBXFileReference; lastKnownFileType = sourcecode.swift; path = CercUITests.swift; sourceTree = "<group>"; };
		D7A72A5B267535FA009A6C9C /* Trip.swift */ = {isa = PBXFileReference; fileEncoding = 4; lastKnownFileType = sourcecode.swift; path = Trip.swift; sourceTree = "<group>"; };
		D7A72A5C267535FA009A6C9C /* Station.swift */ = {isa = PBXFileReference; fileEncoding = 4; lastKnownFileType = sourcecode.swift; path = Station.swift; sourceTree = "<group>"; };
		D7A72A5D267535FA009A6C9C /* Zone.swift */ = {isa = PBXFileReference; fileEncoding = 4; lastKnownFileType = sourcecode.swift; path = Zone.swift; sourceTree = "<group>"; };
		D7A72A5E267535FA009A6C9C /* Search.swift */ = {isa = PBXFileReference; fileEncoding = 4; lastKnownFileType = sourcecode.swift; path = Search.swift; sourceTree = "<group>"; };
		D7A72A6326753613009A6C9C /* Network.swift */ = {isa = PBXFileReference; lastKnownFileType = sourcecode.swift; path = Network.swift; sourceTree = "<group>"; };
		D7A72A662675369B009A6C9C /* Date.swift */ = {isa = PBXFileReference; fileEncoding = 4; lastKnownFileType = sourcecode.swift; path = Date.swift; sourceTree = "<group>"; };
		D7A72A672675369B009A6C9C /* Color.swift */ = {isa = PBXFileReference; fileEncoding = 4; lastKnownFileType = sourcecode.swift; path = Color.swift; sourceTree = "<group>"; };
		D7A72A6A267536BD009A6C9C /* Info.plist */ = {isa = PBXFileReference; lastKnownFileType = text.plist.xml; path = Info.plist; sourceTree = "<group>"; };
		D7A72A6C267536F0009A6C9C /* CercListItem.swift */ = {isa = PBXFileReference; fileEncoding = 4; lastKnownFileType = sourcecode.swift; path = CercListItem.swift; sourceTree = "<group>"; };
		D7A72A6D267536F0009A6C9C /* CercButtonStyle.swift */ = {isa = PBXFileReference; fileEncoding = 4; lastKnownFileType = sourcecode.swift; path = CercButtonStyle.swift; sourceTree = "<group>"; };
		D7A72A732675372F009A6C9C /* CompactLayoutView.swift */ = {isa = PBXFileReference; lastKnownFileType = sourcecode.swift; path = CompactLayoutView.swift; sourceTree = "<group>"; };
		D7A72A7A26753925009A6C9C /* CercFormView.swift */ = {isa = PBXFileReference; lastKnownFileType = sourcecode.swift; path = CercFormView.swift; sourceTree = "<group>"; };
		D7A72A7C26753AC1009A6C9C /* CercController.swift */ = {isa = PBXFileReference; lastKnownFileType = sourcecode.swift; path = CercController.swift; sourceTree = "<group>"; };
/* End PBXFileReference section */

/* Begin PBXFrameworksBuildPhase section */
		D7A72A1D26753567009A6C9C /* Frameworks */ = {
			isa = PBXFrameworksBuildPhase;
			buildActionMask = 2147483647;
			files = (
				D75847C726EE8B2400E252A7 /* SwiftSoup in Frameworks */,
			);
			runOnlyForDeploymentPostprocessing = 0;
		};
		D7A72A2D26753569009A6C9C /* Frameworks */ = {
			isa = PBXFrameworksBuildPhase;
			buildActionMask = 2147483647;
			files = (
			);
			runOnlyForDeploymentPostprocessing = 0;
		};
		D7A72A3726753569009A6C9C /* Frameworks */ = {
			isa = PBXFrameworksBuildPhase;
			buildActionMask = 2147483647;
			files = (
			);
			runOnlyForDeploymentPostprocessing = 0;
		};
/* End PBXFrameworksBuildPhase section */

/* Begin PBXGroup section */
		D75F0C44267662B000F5CF90 /* Util */ = {
			isa = PBXGroup;
			children = (
				D7A72A6C267536F0009A6C9C /* CercListItem.swift */,
				D760E96B2691D2ED00D943B6 /* CercBackgroundModifier.swift */,
				D7A72A6D267536F0009A6C9C /* CercButtonStyle.swift */,
			);
			path = Util;
			sourceTree = "<group>";
		};
		D76C0CC926B0A3E9005E9423 /* Protocols */ = {
			isa = PBXGroup;
			children = (
				D76C0CCA26B0A3FE005E9423 /* Nameable.swift */,
			);
			path = Protocols;
			sourceTree = "<group>";
		};
		D7A72A1726753567009A6C9C = {
			isa = PBXGroup;
			children = (
				D7A72A2226753567009A6C9C /* Cerc */,
				D7A72A3326753569009A6C9C /* CercTests */,
				D7A72A3D26753569009A6C9C /* CercUITests */,
				D7A72A2126753567009A6C9C /* Products */,
			);
			sourceTree = "<group>";
		};
		D7A72A2126753567009A6C9C /* Products */ = {
			isa = PBXGroup;
			children = (
				D7A72A2026753567009A6C9C /* Cerc.app */,
				D7A72A3026753569009A6C9C /* CercTests.xctest */,
				D7A72A3A26753569009A6C9C /* CercUITests.xctest */,
			);
			name = Products;
			sourceTree = "<group>";
		};
		D7A72A2226753567009A6C9C /* Cerc */ = {
			isa = PBXGroup;
			children = (
				D7A72A4C2675357C009A6C9C /* Application */,
				D7A72A4D26753582009A6C9C /* Views */,
				D7A72A4B26753574009A6C9C /* Support Files */,
			);
			path = Cerc;
			sourceTree = "<group>";
		};
		D7A72A2926753569009A6C9C /* Preview Content */ = {
			isa = PBXGroup;
			children = (
				D7A72A2A26753569009A6C9C /* Preview Assets.xcassets */,
			);
			path = "Preview Content";
			sourceTree = "<group>";
		};
		D7A72A3326753569009A6C9C /* CercTests */ = {
			isa = PBXGroup;
			children = (
				D7A72A3426753569009A6C9C /* CercTests.swift */,
			);
			path = CercTests;
			sourceTree = "<group>";
		};
		D7A72A3D26753569009A6C9C /* CercUITests */ = {
			isa = PBXGroup;
			children = (
				D7A72A3E26753569009A6C9C /* CercUITests.swift */,
			);
			path = CercUITests;
			sourceTree = "<group>";
		};
		D7A72A4B26753574009A6C9C /* Support Files */ = {
			isa = PBXGroup;
			children = (
				D7A72A6A267536BD009A6C9C /* Info.plist */,
				D74DEFD5269495C60019E768 /* Cerc.entitlements */,
				D7A72A2726753569009A6C9C /* Assets.xcassets */,
				D7A72A2926753569009A6C9C /* Preview Content */,
			);
			path = "Support Files";
			sourceTree = "<group>";
		};
		D7A72A4C2675357C009A6C9C /* Application */ = {
			isa = PBXGroup;
			children = (
				D7A72A2326753567009A6C9C /* CercApp.swift */,
				D7A72A7C26753AC1009A6C9C /* CercController.swift */,
				D7652F852675403300BEF7C5 /* CercError.swift */,
				D7A72A57267535C4009A6C9C /* Data */,
				D7A72A652675369B009A6C9C /* Extensions */,
				D76C0CC926B0A3E9005E9423 /* Protocols */,
			);
			path = Application;
			sourceTree = "<group>";
		};
		D7A72A4D26753582009A6C9C /* Views */ = {
			isa = PBXGroup;
			children = (
				D75F0C44267662B000F5CF90 /* Util */,
				D7A72A6B267536F0009A6C9C /* Shared */,
				D7A72A70267536FB009A6C9C /* Compact */,
				D75F0C452676631300F5CF90 /* ContentView.swift */,
			);
			path = Views;
			sourceTree = "<group>";
		};
		D7A72A57267535C4009A6C9C /* Data */ = {
			isa = PBXGroup;
			children = (
				D7A72A5A267535FA009A6C9C /* Models */,
				D7A72A6326753613009A6C9C /* Network.swift */,
				D75847C326EE8B0C00E252A7 /* Scrapper.swift */,
			);
			path = Data;
			sourceTree = "<group>";
		};
		D7A72A5A267535FA009A6C9C /* Models */ = {
			isa = PBXGroup;
			children = (
				D7A72A5E267535FA009A6C9C /* Search.swift */,
				D7A72A5C267535FA009A6C9C /* Station.swift */,
				D7A72A5B267535FA009A6C9C /* Trip.swift */,
				D7A72A5D267535FA009A6C9C /* Zone.swift */,
				D75F0C3E26764E8B00F5CF90 /* Settings.swift */,
				D769D6FB26961B14008A2584 /* AppIcon.swift */,
			);
			path = Models;
			sourceTree = "<group>";
		};
		D7A72A652675369B009A6C9C /* Extensions */ = {
			isa = PBXGroup;
			children = (
				D7A72A672675369B009A6C9C /* Color.swift */,
				D7A72A662675369B009A6C9C /* Date.swift */,
				D7652F89267628E000BEF7C5 /* Defaults.swift */,
				D75F0C4226765BD500F5CF90 /* Environment.swift */,
				D76C0CCF26B0ADB3005E9423 /* String.swift */,
			);
			path = Extensions;
			sourceTree = "<group>";
		};
		D7A72A6B267536F0009A6C9C /* Shared */ = {
			isa = PBXGroup;
			children = (
				D7A72A7A26753925009A6C9C /* CercFormView.swift */,
				D75F0C47267663C100F5CF90 /* CercTripView.swift */,
				D75F0C402676527E00F5CF90 /* CercSettingsView.swift */,
				D76C0CC726B0A307005E9423 /* CercSelectionView.swift */,
			);
			path = Shared;
			sourceTree = "<group>";
		};
		D7A72A70267536FB009A6C9C /* Compact */ = {
			isa = PBXGroup;
			children = (
				D7A72A732675372F009A6C9C /* CompactLayoutView.swift */,
			);
			path = Compact;
			sourceTree = "<group>";
		};
/* End PBXGroup section */

/* Begin PBXNativeTarget section */
		D7A72A1F26753567009A6C9C /* Cerc */ = {
			isa = PBXNativeTarget;
			buildConfigurationList = D7A72A4226753569009A6C9C /* Build configuration list for PBXNativeTarget "Cerc" */;
			buildPhases = (
				D7A72A1C26753567009A6C9C /* Sources */,
				D7A72A1D26753567009A6C9C /* Frameworks */,
				D7A72A1E26753567009A6C9C /* Resources */,
			);
			buildRules = (
			);
			dependencies = (
			);
			name = Cerc;
			packageProductDependencies = (
				D75847C626EE8B2400E252A7 /* SwiftSoup */,
			);
			productName = Cerc;
			productReference = D7A72A2026753567009A6C9C /* Cerc.app */;
			productType = "com.apple.product-type.application";
		};
		D7A72A2F26753569009A6C9C /* CercTests */ = {
			isa = PBXNativeTarget;
			buildConfigurationList = D7A72A4526753569009A6C9C /* Build configuration list for PBXNativeTarget "CercTests" */;
			buildPhases = (
				D7A72A2C26753569009A6C9C /* Sources */,
				D7A72A2D26753569009A6C9C /* Frameworks */,
				D7A72A2E26753569009A6C9C /* Resources */,
			);
			buildRules = (
			);
			dependencies = (
				D7A72A3226753569009A6C9C /* PBXTargetDependency */,
			);
			name = CercTests;
			productName = CercTests;
			productReference = D7A72A3026753569009A6C9C /* CercTests.xctest */;
			productType = "com.apple.product-type.bundle.unit-test";
		};
		D7A72A3926753569009A6C9C /* CercUITests */ = {
			isa = PBXNativeTarget;
			buildConfigurationList = D7A72A4826753569009A6C9C /* Build configuration list for PBXNativeTarget "CercUITests" */;
			buildPhases = (
				D7A72A3626753569009A6C9C /* Sources */,
				D7A72A3726753569009A6C9C /* Frameworks */,
				D7A72A3826753569009A6C9C /* Resources */,
			);
			buildRules = (
			);
			dependencies = (
				D7A72A3C26753569009A6C9C /* PBXTargetDependency */,
			);
			name = CercUITests;
			productName = CercUITests;
			productReference = D7A72A3A26753569009A6C9C /* CercUITests.xctest */;
			productType = "com.apple.product-type.bundle.ui-testing";
		};
/* End PBXNativeTarget section */

/* Begin PBXProject section */
		D7A72A1826753567009A6C9C /* Project object */ = {
			isa = PBXProject;
			attributes = {
				BuildIndependentTargetsInParallel = 1;
				LastSwiftUpdateCheck = 1300;
				LastUpgradeCheck = 1300;
				TargetAttributes = {
					D7A72A1F26753567009A6C9C = {
						CreatedOnToolsVersion = 13.0;
					};
					D7A72A2F26753569009A6C9C = {
						CreatedOnToolsVersion = 13.0;
						TestTargetID = D7A72A1F26753567009A6C9C;
					};
					D7A72A3926753569009A6C9C = {
						CreatedOnToolsVersion = 13.0;
						TestTargetID = D7A72A1F26753567009A6C9C;
					};
				};
			};
			buildConfigurationList = D7A72A1B26753567009A6C9C /* Build configuration list for PBXProject "Cerc" */;
			compatibilityVersion = "Xcode 13.0";
			developmentRegion = en;
			hasScannedForEncodings = 0;
			knownRegions = (
				en,
				Base,
			);
			mainGroup = D7A72A1726753567009A6C9C;
			packageReferences = (
				D75847C526EE8B2400E252A7 /* XCRemoteSwiftPackageReference "SwiftSoup" */,
			);
			productRefGroup = D7A72A2126753567009A6C9C /* Products */;
			projectDirPath = "";
			projectRoot = "";
			targets = (
				D7A72A1F26753567009A6C9C /* Cerc */,
				D7A72A2F26753569009A6C9C /* CercTests */,
				D7A72A3926753569009A6C9C /* CercUITests */,
			);
		};
/* End PBXProject section */

/* Begin PBXResourcesBuildPhase section */
		D7A72A1E26753567009A6C9C /* Resources */ = {
			isa = PBXResourcesBuildPhase;
			buildActionMask = 2147483647;
			files = (
				D7A72A2B26753569009A6C9C /* Preview Assets.xcassets in Resources */,
				D7A72A2826753569009A6C9C /* Assets.xcassets in Resources */,
			);
			runOnlyForDeploymentPostprocessing = 0;
		};
		D7A72A2E26753569009A6C9C /* Resources */ = {
			isa = PBXResourcesBuildPhase;
			buildActionMask = 2147483647;
			files = (
			);
			runOnlyForDeploymentPostprocessing = 0;
		};
		D7A72A3826753569009A6C9C /* Resources */ = {
			isa = PBXResourcesBuildPhase;
			buildActionMask = 2147483647;
			files = (
			);
			runOnlyForDeploymentPostprocessing = 0;
		};
/* End PBXResourcesBuildPhase section */

/* Begin PBXSourcesBuildPhase section */
		D7A72A1C26753567009A6C9C /* Sources */ = {
			isa = PBXSourcesBuildPhase;
			buildActionMask = 2147483647;
			files = (
				D75F0C48267663C100F5CF90 /* CercTripView.swift in Sources */,
				D7A72A5F267535FA009A6C9C /* Trip.swift in Sources */,
				D76C0CD026B0ADB3005E9423 /* String.swift in Sources */,
				D75F0C462676631300F5CF90 /* ContentView.swift in Sources */,
				D75F0C412676527E00F5CF90 /* CercSettingsView.swift in Sources */,
				D7652F862675403300BEF7C5 /* CercError.swift in Sources */,
				D7A72A60267535FA009A6C9C /* Station.swift in Sources */,
				D7A72A6426753613009A6C9C /* Network.swift in Sources */,
				D7A72A7D26753AC1009A6C9C /* CercController.swift in Sources */,
				D7A72A692675369B009A6C9C /* Color.swift in Sources */,
				D7A72A6E267536F0009A6C9C /* CercListItem.swift in Sources */,
				D75F0C4326765BD500F5CF90 /* Environment.swift in Sources */,
				D7652F8A267628E000BEF7C5 /* Defaults.swift in Sources */,
				D75847C426EE8B0C00E252A7 /* Scrapper.swift in Sources */,
				D760E96C2691D2ED00D943B6 /* CercBackgroundModifier.swift in Sources */,
				D7A72A6F267536F0009A6C9C /* CercButtonStyle.swift in Sources */,
				D7A72A7B26753925009A6C9C /* CercFormView.swift in Sources */,
				D76C0CC826B0A307005E9423 /* CercSelectionView.swift in Sources */,
				D7A72A2426753567009A6C9C /* CercApp.swift in Sources */,
				D7A72A61267535FA009A6C9C /* Zone.swift in Sources */,
				D769D6FC26961B14008A2584 /* AppIcon.swift in Sources */,
				D7A72A682675369B009A6C9C /* Date.swift in Sources */,
				D7A72A62267535FA009A6C9C /* Search.swift in Sources */,
				D7A72A742675372F009A6C9C /* CompactLayoutView.swift in Sources */,
				D76C0CCB26B0A3FE005E9423 /* Nameable.swift in Sources */,
				D75F0C3F26764E8B00F5CF90 /* Settings.swift in Sources */,
			);
			runOnlyForDeploymentPostprocessing = 0;
		};
		D7A72A2C26753569009A6C9C /* Sources */ = {
			isa = PBXSourcesBuildPhase;
			buildActionMask = 2147483647;
			files = (
				D7A72A3526753569009A6C9C /* CercTests.swift in Sources */,
			);
			runOnlyForDeploymentPostprocessing = 0;
		};
		D7A72A3626753569009A6C9C /* Sources */ = {
			isa = PBXSourcesBuildPhase;
			buildActionMask = 2147483647;
			files = (
				D7A72A3F26753569009A6C9C /* CercUITests.swift in Sources */,
			);
			runOnlyForDeploymentPostprocessing = 0;
		};
/* End PBXSourcesBuildPhase section */

/* Begin PBXTargetDependency section */
		D7A72A3226753569009A6C9C /* PBXTargetDependency */ = {
			isa = PBXTargetDependency;
			target = D7A72A1F26753567009A6C9C /* Cerc */;
			targetProxy = D7A72A3126753569009A6C9C /* PBXContainerItemProxy */;
		};
		D7A72A3C26753569009A6C9C /* PBXTargetDependency */ = {
			isa = PBXTargetDependency;
			target = D7A72A1F26753567009A6C9C /* Cerc */;
			targetProxy = D7A72A3B26753569009A6C9C /* PBXContainerItemProxy */;
		};
/* End PBXTargetDependency section */

/* Begin XCBuildConfiguration section */
		D7A72A4026753569009A6C9C /* Debug */ = {
			isa = XCBuildConfiguration;
			buildSettings = {
				ALWAYS_SEARCH_USER_PATHS = NO;
				CLANG_ANALYZER_NONNULL = YES;
				CLANG_ANALYZER_NUMBER_OBJECT_CONVERSION = YES_AGGRESSIVE;
				CLANG_CXX_LANGUAGE_STANDARD = "gnu++14";
				CLANG_CXX_LIBRARY = "libc++";
				CLANG_ENABLE_MODULES = YES;
				CLANG_ENABLE_OBJC_ARC = YES;
				CLANG_ENABLE_OBJC_WEAK = YES;
				CLANG_WARN_BLOCK_CAPTURE_AUTORELEASING = YES;
				CLANG_WARN_BOOL_CONVERSION = YES;
				CLANG_WARN_COMMA = YES;
				CLANG_WARN_CONSTANT_CONVERSION = YES;
				CLANG_WARN_DEPRECATED_OBJC_IMPLEMENTATIONS = YES;
				CLANG_WARN_DIRECT_OBJC_ISA_USAGE = YES_ERROR;
				CLANG_WARN_DOCUMENTATION_COMMENTS = YES;
				CLANG_WARN_EMPTY_BODY = YES;
				CLANG_WARN_ENUM_CONVERSION = YES;
				CLANG_WARN_INFINITE_RECURSION = YES;
				CLANG_WARN_INT_CONVERSION = YES;
				CLANG_WARN_NON_LITERAL_NULL_CONVERSION = YES;
				CLANG_WARN_OBJC_IMPLICIT_RETAIN_SELF = YES;
				CLANG_WARN_OBJC_LITERAL_CONVERSION = YES;
				CLANG_WARN_OBJC_ROOT_CLASS = YES_ERROR;
				CLANG_WARN_QUOTED_INCLUDE_IN_FRAMEWORK_HEADER = YES;
				CLANG_WARN_RANGE_LOOP_ANALYSIS = YES;
				CLANG_WARN_STRICT_PROTOTYPES = YES;
				CLANG_WARN_SUSPICIOUS_MOVE = YES;
				CLANG_WARN_UNGUARDED_AVAILABILITY = YES_AGGRESSIVE;
				CLANG_WARN_UNREACHABLE_CODE = YES;
				CLANG_WARN__DUPLICATE_METHOD_MATCH = YES;
				COPY_PHASE_STRIP = NO;
				DEBUG_INFORMATION_FORMAT = dwarf;
				ENABLE_STRICT_OBJC_MSGSEND = YES;
				ENABLE_TESTABILITY = YES;
				GCC_C_LANGUAGE_STANDARD = gnu11;
				GCC_DYNAMIC_NO_PIC = NO;
				GCC_NO_COMMON_BLOCKS = YES;
				GCC_OPTIMIZATION_LEVEL = 0;
				GCC_PREPROCESSOR_DEFINITIONS = (
					"DEBUG=1",
					"$(inherited)",
				);
				GCC_WARN_64_TO_32_BIT_CONVERSION = YES;
				GCC_WARN_ABOUT_RETURN_TYPE = YES_ERROR;
				GCC_WARN_UNDECLARED_SELECTOR = YES;
				GCC_WARN_UNINITIALIZED_AUTOS = YES_AGGRESSIVE;
				GCC_WARN_UNUSED_FUNCTION = YES;
				GCC_WARN_UNUSED_VARIABLE = YES;
				IPHONEOS_DEPLOYMENT_TARGET = 15.0;
				MTL_ENABLE_DEBUG_INFO = INCLUDE_SOURCE;
				MTL_FAST_MATH = YES;
				ONLY_ACTIVE_ARCH = YES;
				SDKROOT = iphoneos;
				SWIFT_ACTIVE_COMPILATION_CONDITIONS = DEBUG;
				SWIFT_OPTIMIZATION_LEVEL = "-Onone";
			};
			name = Debug;
		};
		D7A72A4126753569009A6C9C /* Release */ = {
			isa = XCBuildConfiguration;
			buildSettings = {
				ALWAYS_SEARCH_USER_PATHS = NO;
				CLANG_ANALYZER_NONNULL = YES;
				CLANG_ANALYZER_NUMBER_OBJECT_CONVERSION = YES_AGGRESSIVE;
				CLANG_CXX_LANGUAGE_STANDARD = "gnu++14";
				CLANG_CXX_LIBRARY = "libc++";
				CLANG_ENABLE_MODULES = YES;
				CLANG_ENABLE_OBJC_ARC = YES;
				CLANG_ENABLE_OBJC_WEAK = YES;
				CLANG_WARN_BLOCK_CAPTURE_AUTORELEASING = YES;
				CLANG_WARN_BOOL_CONVERSION = YES;
				CLANG_WARN_COMMA = YES;
				CLANG_WARN_CONSTANT_CONVERSION = YES;
				CLANG_WARN_DEPRECATED_OBJC_IMPLEMENTATIONS = YES;
				CLANG_WARN_DIRECT_OBJC_ISA_USAGE = YES_ERROR;
				CLANG_WARN_DOCUMENTATION_COMMENTS = YES;
				CLANG_WARN_EMPTY_BODY = YES;
				CLANG_WARN_ENUM_CONVERSION = YES;
				CLANG_WARN_INFINITE_RECURSION = YES;
				CLANG_WARN_INT_CONVERSION = YES;
				CLANG_WARN_NON_LITERAL_NULL_CONVERSION = YES;
				CLANG_WARN_OBJC_IMPLICIT_RETAIN_SELF = YES;
				CLANG_WARN_OBJC_LITERAL_CONVERSION = YES;
				CLANG_WARN_OBJC_ROOT_CLASS = YES_ERROR;
				CLANG_WARN_QUOTED_INCLUDE_IN_FRAMEWORK_HEADER = YES;
				CLANG_WARN_RANGE_LOOP_ANALYSIS = YES;
				CLANG_WARN_STRICT_PROTOTYPES = YES;
				CLANG_WARN_SUSPICIOUS_MOVE = YES;
				CLANG_WARN_UNGUARDED_AVAILABILITY = YES_AGGRESSIVE;
				CLANG_WARN_UNREACHABLE_CODE = YES;
				CLANG_WARN__DUPLICATE_METHOD_MATCH = YES;
				COPY_PHASE_STRIP = NO;
				DEBUG_INFORMATION_FORMAT = "dwarf-with-dsym";
				ENABLE_NS_ASSERTIONS = NO;
				ENABLE_STRICT_OBJC_MSGSEND = YES;
				GCC_C_LANGUAGE_STANDARD = gnu11;
				GCC_NO_COMMON_BLOCKS = YES;
				GCC_WARN_64_TO_32_BIT_CONVERSION = YES;
				GCC_WARN_ABOUT_RETURN_TYPE = YES_ERROR;
				GCC_WARN_UNDECLARED_SELECTOR = YES;
				GCC_WARN_UNINITIALIZED_AUTOS = YES_AGGRESSIVE;
				GCC_WARN_UNUSED_FUNCTION = YES;
				GCC_WARN_UNUSED_VARIABLE = YES;
				IPHONEOS_DEPLOYMENT_TARGET = 15.0;
				MTL_ENABLE_DEBUG_INFO = NO;
				MTL_FAST_MATH = YES;
				SDKROOT = iphoneos;
				SWIFT_COMPILATION_MODE = wholemodule;
				SWIFT_OPTIMIZATION_LEVEL = "-O";
				VALIDATE_PRODUCT = YES;
			};
			name = Release;
		};
		D7A72A4326753569009A6C9C /* Debug */ = {
			isa = XCBuildConfiguration;
			buildSettings = {
				ASSETCATALOG_COMPILER_ALTERNATE_APPICON_NAMES = CoolSkyIcon;
				ASSETCATALOG_COMPILER_APPICON_NAME = CercIcon;
				ASSETCATALOG_COMPILER_GLOBAL_ACCENT_COLOR_NAME = AccentColor;
				ASSETCATALOG_COMPILER_INCLUDE_ALL_APPICON_ASSETS = YES;
				CODE_SIGN_ENTITLEMENTS = "Cerc/Support Files/Cerc.entitlements";
				CODE_SIGN_STYLE = Automatic;
				CURRENT_PROJECT_VERSION = 1;
				DEVELOPMENT_ASSET_PATHS = "\"Cerc/Support Files/Preview Content\"";
				DEVELOPMENT_TEAM = YUN383XGPH;
				ENABLE_PREVIEWS = YES;
				GENERATE_INFOPLIST_FILE = YES;
				INFOPLIST_FILE = "Cerc/Support Files/Info.plist";
				INFOPLIST_KEY_CFBundleExecutable = Cerc;
				INFOPLIST_KEY_CFBundleName = Cerc;
				INFOPLIST_KEY_CFBundleVersion = 1;
				INFOPLIST_KEY_UIApplicationSupportsIndirectInputEvents = YES;
				INFOPLIST_KEY_UILaunchScreen_Generation = YES;
				INFOPLIST_KEY_UISupportedInterfaceOrientations_iPad = "UIInterfaceOrientationPortrait UIInterfaceOrientationPortraitUpsideDown UIInterfaceOrientationLandscapeLeft UIInterfaceOrientationLandscapeRight";
				INFOPLIST_KEY_UISupportedInterfaceOrientations_iPhone = "UIInterfaceOrientationPortrait UIInterfaceOrientationLandscapeLeft UIInterfaceOrientationLandscapeRight";
				IPHONEOS_DEPLOYMENT_TARGET = 15.0;
				LD_RUNPATH_SEARCH_PATHS = (
					"$(inherited)",
					"@executable_path/Frameworks",
				);
				MARKETING_VERSION = 1.0;
				PRODUCT_BUNDLE_IDENTIFIER = me.kevinrpb.Cerc;
				PRODUCT_NAME = "$(TARGET_NAME)";
				SUPPORTS_MACCATALYST = YES;
				SUPPORTS_MAC_DESIGNED_FOR_IPHONE_IPAD = YES;
				SWIFT_EMIT_LOC_STRINGS = YES;
				SWIFT_VERSION = 5.0;
				TARGETED_DEVICE_FAMILY = "1,2";
			};
			name = Debug;
		};
		D7A72A4426753569009A6C9C /* Release */ = {
			isa = XCBuildConfiguration;
			buildSettings = {
				ASSETCATALOG_COMPILER_ALTERNATE_APPICON_NAMES = CoolSkyIcon;
				ASSETCATALOG_COMPILER_APPICON_NAME = CercIcon;
				ASSETCATALOG_COMPILER_GLOBAL_ACCENT_COLOR_NAME = AccentColor;
				ASSETCATALOG_COMPILER_INCLUDE_ALL_APPICON_ASSETS = YES;
				CODE_SIGN_ENTITLEMENTS = "Cerc/Support Files/Cerc.entitlements";
				CODE_SIGN_STYLE = Automatic;
				CURRENT_PROJECT_VERSION = 1;
				DEVELOPMENT_ASSET_PATHS = "\"Cerc/Support Files/Preview Content\"";
				DEVELOPMENT_TEAM = YUN383XGPH;
				ENABLE_PREVIEWS = YES;
				GENERATE_INFOPLIST_FILE = YES;
				INFOPLIST_FILE = "Cerc/Support Files/Info.plist";
				INFOPLIST_KEY_CFBundleExecutable = Cerc;
				INFOPLIST_KEY_CFBundleName = Cerc;
				INFOPLIST_KEY_CFBundleVersion = 1;
				INFOPLIST_KEY_UIApplicationSupportsIndirectInputEvents = YES;
				INFOPLIST_KEY_UILaunchScreen_Generation = YES;
				INFOPLIST_KEY_UISupportedInterfaceOrientations_iPad = "UIInterfaceOrientationPortrait UIInterfaceOrientationPortraitUpsideDown UIInterfaceOrientationLandscapeLeft UIInterfaceOrientationLandscapeRight";
				INFOPLIST_KEY_UISupportedInterfaceOrientations_iPhone = "UIInterfaceOrientationPortrait UIInterfaceOrientationLandscapeLeft UIInterfaceOrientationLandscapeRight";
				IPHONEOS_DEPLOYMENT_TARGET = 15.0;
				LD_RUNPATH_SEARCH_PATHS = (
					"$(inherited)",
					"@executable_path/Frameworks",
				);
				MARKETING_VERSION = 1.0;
				PRODUCT_BUNDLE_IDENTIFIER = me.kevinrpb.Cerc;
				PRODUCT_NAME = "$(TARGET_NAME)";
				SUPPORTS_MACCATALYST = YES;
				SUPPORTS_MAC_DESIGNED_FOR_IPHONE_IPAD = YES;
				SWIFT_EMIT_LOC_STRINGS = YES;
				SWIFT_VERSION = 5.0;
				TARGETED_DEVICE_FAMILY = "1,2";
			};
			name = Release;
		};
		D7A72A4626753569009A6C9C /* Debug */ = {
			isa = XCBuildConfiguration;
			buildSettings = {
				ALWAYS_EMBED_SWIFT_STANDARD_LIBRARIES = YES;
				BUNDLE_LOADER = "$(TEST_HOST)";
				CODE_SIGN_STYLE = Automatic;
				CURRENT_PROJECT_VERSION = 1;
				DEVELOPMENT_TEAM = YUN383XGPH;
				GENERATE_INFOPLIST_FILE = YES;
				IPHONEOS_DEPLOYMENT_TARGET = 14.0;
				LD_RUNPATH_SEARCH_PATHS = (
					"$(inherited)",
					"@executable_path/Frameworks",
					"@loader_path/Frameworks",
				);
				MARKETING_VERSION = 1.0;
				PRODUCT_BUNDLE_IDENTIFIER = me.kevinrpb.CercTests;
				PRODUCT_NAME = "$(TARGET_NAME)";
				SWIFT_EMIT_LOC_STRINGS = NO;
				SWIFT_VERSION = 5.0;
				TARGETED_DEVICE_FAMILY = "1,2";
				TEST_HOST = "$(BUILT_PRODUCTS_DIR)/Cerc.app/Cerc";
			};
			name = Debug;
		};
		D7A72A4726753569009A6C9C /* Release */ = {
			isa = XCBuildConfiguration;
			buildSettings = {
				ALWAYS_EMBED_SWIFT_STANDARD_LIBRARIES = YES;
				BUNDLE_LOADER = "$(TEST_HOST)";
				CODE_SIGN_STYLE = Automatic;
				CURRENT_PROJECT_VERSION = 1;
				DEVELOPMENT_TEAM = YUN383XGPH;
				GENERATE_INFOPLIST_FILE = YES;
				IPHONEOS_DEPLOYMENT_TARGET = 14.0;
				LD_RUNPATH_SEARCH_PATHS = (
					"$(inherited)",
					"@executable_path/Frameworks",
					"@loader_path/Frameworks",
				);
				MARKETING_VERSION = 1.0;
				PRODUCT_BUNDLE_IDENTIFIER = me.kevinrpb.CercTests;
				PRODUCT_NAME = "$(TARGET_NAME)";
				SWIFT_EMIT_LOC_STRINGS = NO;
				SWIFT_VERSION = 5.0;
				TARGETED_DEVICE_FAMILY = "1,2";
				TEST_HOST = "$(BUILT_PRODUCTS_DIR)/Cerc.app/Cerc";
			};
			name = Release;
		};
		D7A72A4926753569009A6C9C /* Debug */ = {
			isa = XCBuildConfiguration;
			buildSettings = {
				ALWAYS_EMBED_SWIFT_STANDARD_LIBRARIES = YES;
				CODE_SIGN_STYLE = Automatic;
				CURRENT_PROJECT_VERSION = 1;
				DEVELOPMENT_TEAM = YUN383XGPH;
				GENERATE_INFOPLIST_FILE = YES;
				LD_RUNPATH_SEARCH_PATHS = (
					"$(inherited)",
					"@executable_path/Frameworks",
					"@loader_path/Frameworks",
				);
				MARKETING_VERSION = 1.0;
				PRODUCT_BUNDLE_IDENTIFIER = me.kevinrpb.CercUITests;
				PRODUCT_NAME = "$(TARGET_NAME)";
				SWIFT_EMIT_LOC_STRINGS = NO;
				SWIFT_VERSION = 5.0;
				TARGETED_DEVICE_FAMILY = "1,2";
				TEST_TARGET_NAME = Cerc;
			};
			name = Debug;
		};
		D7A72A4A26753569009A6C9C /* Release */ = {
			isa = XCBuildConfiguration;
			buildSettings = {
				ALWAYS_EMBED_SWIFT_STANDARD_LIBRARIES = YES;
				CODE_SIGN_STYLE = Automatic;
				CURRENT_PROJECT_VERSION = 1;
				DEVELOPMENT_TEAM = YUN383XGPH;
				GENERATE_INFOPLIST_FILE = YES;
				LD_RUNPATH_SEARCH_PATHS = (
					"$(inherited)",
					"@executable_path/Frameworks",
					"@loader_path/Frameworks",
				);
				MARKETING_VERSION = 1.0;
				PRODUCT_BUNDLE_IDENTIFIER = me.kevinrpb.CercUITests;
				PRODUCT_NAME = "$(TARGET_NAME)";
				SWIFT_EMIT_LOC_STRINGS = NO;
				SWIFT_VERSION = 5.0;
				TARGETED_DEVICE_FAMILY = "1,2";
				TEST_TARGET_NAME = Cerc;
			};
			name = Release;
		};
/* End XCBuildConfiguration section */

/* Begin XCConfigurationList section */
		D7A72A1B26753567009A6C9C /* Build configuration list for PBXProject "Cerc" */ = {
			isa = XCConfigurationList;
			buildConfigurations = (
				D7A72A4026753569009A6C9C /* Debug */,
				D7A72A4126753569009A6C9C /* Release */,
			);
			defaultConfigurationIsVisible = 0;
			defaultConfigurationName = Release;
		};
		D7A72A4226753569009A6C9C /* Build configuration list for PBXNativeTarget "Cerc" */ = {
			isa = XCConfigurationList;
			buildConfigurations = (
				D7A72A4326753569009A6C9C /* Debug */,
				D7A72A4426753569009A6C9C /* Release */,
			);
			defaultConfigurationIsVisible = 0;
			defaultConfigurationName = Release;
		};
		D7A72A4526753569009A6C9C /* Build configuration list for PBXNativeTarget "CercTests" */ = {
			isa = XCConfigurationList;
			buildConfigurations = (
				D7A72A4626753569009A6C9C /* Debug */,
				D7A72A4726753569009A6C9C /* Release */,
			);
			defaultConfigurationIsVisible = 0;
			defaultConfigurationName = Release;
		};
		D7A72A4826753569009A6C9C /* Build configuration list for PBXNativeTarget "CercUITests" */ = {
			isa = XCConfigurationList;
			buildConfigurations = (
				D7A72A4926753569009A6C9C /* Debug */,
				D7A72A4A26753569009A6C9C /* Release */,
			);
			defaultConfigurationIsVisible = 0;
			defaultConfigurationName = Release;
		};
/* End XCConfigurationList section */

/* Begin XCRemoteSwiftPackageReference section */
		D75847C526EE8B2400E252A7 /* XCRemoteSwiftPackageReference "SwiftSoup" */ = {
			isa = XCRemoteSwiftPackageReference;
			repositoryURL = "https://github.com/scinfu/SwiftSoup";
			requirement = {
				kind = upToNextMajorVersion;
				minimumVersion = 2.0.0;
			};
		};
/* End XCRemoteSwiftPackageReference section */

/* Begin XCSwiftPackageProductDependency section */
		D75847C626EE8B2400E252A7 /* SwiftSoup */ = {
			isa = XCSwiftPackageProductDependency;
			package = D75847C526EE8B2400E252A7 /* XCRemoteSwiftPackageReference "SwiftSoup" */;
			productName = SwiftSoup;
		};
/* End XCSwiftPackageProductDependency section */
	};
	rootObject = D7A72A1826753567009A6C9C /* Project object */;
}
